
Microsoft Visual Studio Solution File, Format Version 12.00
# Visual Studio Version 17
VisualStudioVersion = 17.0.31919.166
MinimumVisualStudioVersion = 10.0.40219.1
Project("{FAE04EC0-301F-11D3-BF4B-00C04F79EFBC}") = "MindboxFigureAreaLibrary", "MindboxFigureAreaLibrary.csproj", "{5F0F0765-FBE2-401E-B944-7DD15D48C4BE}"
EndProject
Global
	GlobalSection(SolutionConfigurationPlatforms) = preSolution
		Debug|Any CPU = Debug|Any CPU
		Release|Any CPU = Release|Any CPU
	EndGlobalSection
	GlobalSection(ProjectConfigurationPlatforms) = postSolution
		{5F0F0765-FBE2-401E-B944-7DD15D48C4BE}.Debug|Any CPU.ActiveCfg = Debug|Any CPU
		{5F0F0765-FBE2-401E-B944-7DD15D48C4BE}.Debug|Any CPU.Build.0 = Debug|Any CPU
		{5F0F0765-FBE2-401E-B944-7DD15D48C4BE}.Release|Any CPU.ActiveCfg = Release|Any CPU
		{5F0F0765-FBE2-401E-B944-7DD15D48C4BE}.Release|Any CPU.Build.0 = Release|Any CPU
	EndGlobalSection
	GlobalSection(SolutionProperties) = preSolution
		HideSolutionNode = FALSE
	EndGlobalSection
	GlobalSection(ExtensibilityGlobals) = postSolution
		SolutionGuid = {43E5F19F-18AB-4791-BAAB-5687F66E8C8D}
	EndGlobalSection
EndGlobal
